
Microsoft Visual Studio Solution File, Format Version 12.00
# Visual Studio Version 17
VisualStudioVersion = 17.14.36518.9
MinimumVisualStudioVersion = 10.0.40219.1
Project("{FAE04EC0-301F-11D3-BF4B-00C04F79EFBC}") = "TicketingSystem", "TicketingSystem\TicketingSystem.csproj", "{E16EB28F-AF03-4EB1-AAF4-628AFB751EFC}"
EndProject
Project("{FAE04EC0-301F-11D3-BF4B-00C04F79EFBC}") = "TicketingSystem.Data", "TicketingSystem.Data\TicketingSystem.Data.csproj", "{84EF320E-56AD-4D21-B3BB-B4A87E6A2BB2}"
EndProject
Project("{FAE04EC0-301F-11D3-BF4B-00C04F79EFBC}") = "TicketingSystem.Infrastructure", "TicketingSystem.Infrastructure\TicketingSystem.Infrastructure.csproj", "{F1B36E8A-7919-4D02-8A2F-2851993D2E22}"
EndProject
Global
	GlobalSection(SolutionConfigurationPlatforms) = preSolution
		Debug|Any CPU = Debug|Any CPU
		Release|Any CPU = Release|Any CPU
	EndGlobalSection
	GlobalSection(ProjectConfigurationPlatforms) = postSolution
		{E16EB28F-AF03-4EB1-AAF4-628AFB751EFC}.Debug|Any CPU.ActiveCfg = Debug|Any CPU
		{E16EB28F-AF03-4EB1-AAF4-628AFB751EFC}.Debug|Any CPU.Build.0 = Debug|Any CPU
		{E16EB28F-AF03-4EB1-AAF4-628AFB751EFC}.Release|Any CPU.ActiveCfg = Release|Any CPU
		{E16EB28F-AF03-4EB1-AAF4-628AFB751EFC}.Release|Any CPU.Build.0 = Release|Any CPU
		{84EF320E-56AD-4D21-B3BB-B4A87E6A2BB2}.Debug|Any CPU.ActiveCfg = Debug|Any CPU
		{84EF320E-56AD-4D21-B3BB-B4A87E6A2BB2}.Debug|Any CPU.Build.0 = Debug|Any CPU
		{84EF320E-56AD-4D21-B3BB-B4A87E6A2BB2}.Release|Any CPU.ActiveCfg = Release|Any CPU
		{84EF320E-56AD-4D21-B3BB-B4A87E6A2BB2}.Release|Any CPU.Build.0 = Release|Any CPU
		{F1B36E8A-7919-4D02-8A2F-2851993D2E22}.Debug|Any CPU.ActiveCfg = Debug|Any CPU
		{F1B36E8A-7919-4D02-8A2F-2851993D2E22}.Debug|Any CPU.Build.0 = Debug|Any CPU
		{F1B36E8A-7919-4D02-8A2F-2851993D2E22}.Release|Any CPU.ActiveCfg = Release|Any CPU
		{F1B36E8A-7919-4D02-8A2F-2851993D2E22}.Release|Any CPU.Build.0 = Release|Any CPU
	EndGlobalSection
	GlobalSection(SolutionProperties) = preSolution
		HideSolutionNode = FALSE
	EndGlobalSection
	GlobalSection(ExtensibilityGlobals) = postSolution
		SolutionGuid = {CEBD5B25-4716-4CB7-972F-FB11EBCA9DCB}
	EndGlobalSection
EndGlobal
